
Microsoft Visual Studio Solution File, Format Version 12.00
# Visual Studio Version 17
VisualStudioVersion = 17.14.36429.23 d17.14
MinimumVisualStudioVersion = 10.0.40219.1
Project("{FAE04EC0-301F-11D3-BF4B-00C04F79EFBC}") = "MethodOverride", "MethodOverride.csproj", "{27EFB4D0-5F26-4CAE-B341-23C48FCB6011}"
EndProject
Global
	GlobalSection(SolutionConfigurationPlatforms) = preSolution
		Debug|Any CPU = Debug|Any CPU
		Release|Any CPU = Release|Any CPU
	EndGlobalSection
	GlobalSection(ProjectConfigurationPlatforms) = postSolution
		{27EFB4D0-5F26-4CAE-B341-23C48FCB6011}.Debug|Any CPU.ActiveCfg = Debug|Any CPU
		{27EFB4D0-5F26-4CAE-B341-23C48FCB6011}.Debug|Any CPU.Build.0 = Debug|Any CPU
		{27EFB4D0-5F26-4CAE-B341-23C48FCB6011}.Release|Any CPU.ActiveCfg = Release|Any CPU
		{27EFB4D0-5F26-4CAE-B341-23C48FCB6011}.Release|Any CPU.Build.0 = Release|Any CPU
	EndGlobalSection
	GlobalSection(SolutionProperties) = preSolution
		HideSolutionNode = FALSE
	EndGlobalSection
	GlobalSection(ExtensibilityGlobals) = postSolution
		SolutionGuid = {8E6FE4E5-3D90-429A-BF0C-111C84518ABE}
	EndGlobalSection
EndGlobal
